<?xml version="1.0" encoding="utf-8"?>
<Project ToolsVersion="4.0" xmlns="http://schemas.microsoft.com/developer/msbuild/2003">
  <ItemGroup>
    <MASM Include="P0_Check.asm" />
    <MASM Include="P1_MOV.asm" />
    <MASM Include="P2_MOV_parte2.asm" />
    <MASM Include="P3_MOV_parte3.asm" />
    <MASM Include="P4_MOV_parte4.asm" />
    <MASM Include="P5_ADD.asm" />
    <MASM Include="P6_ADD_parte2.asm" />
    <MASM Include="P7_SUB.asm" />
    <MASM Include="P8_MUL.asm" />
    <MASM Include="P9_MUL_parte2.asm" />
    <MASM Include="P10_MUL_parte3.asm" />
    <MASM Include="P11_DIV.asm" />
    <MASM Include="P12_DIV_parte2.asm" />
    <MASM Include="P13_DIV_parte3.asm" />
    <MASM Include="P14_ImpresionTexto.asm" />
    <MASM Include="P15_ImpresionNumero.asm" />
    <MASM Include="P16_LecturaNumero.asm" />
    <MASM Include="P17_Promedio3Nums.asm" />
  </ItemGroup>
  <ItemGroup>
    <Object Include="..\..\..\..\..\..\Irvine\Lib32\Irvine32_Library\Irvine32.obj" />
  </ItemGroup>
</Project>